
Microsoft Visual Studio Solution File, Format Version 12.00
# Visual Studio 15
VisualStudioVersion = 15.0.28307.705
MinimumVisualStudioVersion = 10.0.40219.1
Project("{2150E333-8FDC-42A3-9474-1A3956D46DE8}") = "Server", "Server", "{BC29D8AE-EFA9-4E94-83B1-FB0A6E4C25B0}"
EndProject
Project("{2150E333-8FDC-42A3-9474-1A3956D46DE8}") = "Client", "Client", "{27743AB0-1A7C-4702-84B9-AE38856AAC51}"
EndProject
Project("{9A19103F-16F7-4668-BE54-9A1E7A4F7556}") = "ServerAPI", "Server\ServerAPI\ServerAPI.csproj", "{F5808B33-B84F-4D44-AAE5-7EBF445BDBF0}"
EndProject
Project("{FAE04EC0-301F-11D3-BF4B-00C04F79EFBC}") = "TaskManagerDataAccess", "Server\TaskManagerDataAccess\TaskManagerDataAccess.csproj", "{C0489603-B204-4E7E-B335-F1C880F4A469}"
EndProject
Project("{FAE04EC0-301F-11D3-BF4B-00C04F79EFBC}") = "UIModule", "Client\TaskManager\UIModule.csproj", "{B94163D0-005B-46C8-8A04-3678C973C99D}"
EndProject
Project("{FAE04EC0-301F-11D3-BF4B-00C04F79EFBC}") = "SharedServicesModule", "Client\SharedServicesModule\SharedServicesModule.csproj", "{11FFC1D2-9DDB-42F3-92D5-052BF8BE73B2}"
EndProject
Project("{FAE04EC0-301F-11D3-BF4B-00C04F79EFBC}") = "BusinessLogicModule", "Client\BusinessLogicModule\BusinessLogicModule.csproj", "{D953E0F1-7378-4D07-89A9-8C4CA27EA13E}"
EndProject
Global
	GlobalSection(SolutionConfigurationPlatforms) = preSolution
		Debug|Any CPU = Debug|Any CPU
		Release|Any CPU = Release|Any CPU
	EndGlobalSection
	GlobalSection(ProjectConfigurationPlatforms) = postSolution
		{F5808B33-B84F-4D44-AAE5-7EBF445BDBF0}.Debug|Any CPU.ActiveCfg = Debug|Any CPU
		{F5808B33-B84F-4D44-AAE5-7EBF445BDBF0}.Debug|Any CPU.Build.0 = Debug|Any CPU
		{F5808B33-B84F-4D44-AAE5-7EBF445BDBF0}.Release|Any CPU.ActiveCfg = Release|Any CPU
		{F5808B33-B84F-4D44-AAE5-7EBF445BDBF0}.Release|Any CPU.Build.0 = Release|Any CPU
		{C0489603-B204-4E7E-B335-F1C880F4A469}.Debug|Any CPU.ActiveCfg = Debug|Any CPU
		{C0489603-B204-4E7E-B335-F1C880F4A469}.Debug|Any CPU.Build.0 = Debug|Any CPU
		{C0489603-B204-4E7E-B335-F1C880F4A469}.Release|Any CPU.ActiveCfg = Release|Any CPU
		{C0489603-B204-4E7E-B335-F1C880F4A469}.Release|Any CPU.Build.0 = Release|Any CPU
		{B94163D0-005B-46C8-8A04-3678C973C99D}.Debug|Any CPU.ActiveCfg = Debug|Any CPU
		{B94163D0-005B-46C8-8A04-3678C973C99D}.Debug|Any CPU.Build.0 = Debug|Any CPU
		{B94163D0-005B-46C8-8A04-3678C973C99D}.Release|Any CPU.ActiveCfg = Release|Any CPU
		{B94163D0-005B-46C8-8A04-3678C973C99D}.Release|Any CPU.Build.0 = Release|Any CPU
		{11FFC1D2-9DDB-42F3-92D5-052BF8BE73B2}.Debug|Any CPU.ActiveCfg = Debug|Any CPU
		{11FFC1D2-9DDB-42F3-92D5-052BF8BE73B2}.Debug|Any CPU.Build.0 = Debug|Any CPU
		{11FFC1D2-9DDB-42F3-92D5-052BF8BE73B2}.Release|Any CPU.ActiveCfg = Release|Any CPU
		{11FFC1D2-9DDB-42F3-92D5-052BF8BE73B2}.Release|Any CPU.Build.0 = Release|Any CPU
		{D953E0F1-7378-4D07-89A9-8C4CA27EA13E}.Debug|Any CPU.ActiveCfg = Debug|Any CPU
		{D953E0F1-7378-4D07-89A9-8C4CA27EA13E}.Debug|Any CPU.Build.0 = Debug|Any CPU
		{D953E0F1-7378-4D07-89A9-8C4CA27EA13E}.Release|Any CPU.ActiveCfg = Release|Any CPU
		{D953E0F1-7378-4D07-89A9-8C4CA27EA13E}.Release|Any CPU.Build.0 = Release|Any CPU
	EndGlobalSection
	GlobalSection(SolutionProperties) = preSolution
		HideSolutionNode = FALSE
	EndGlobalSection
	GlobalSection(NestedProjects) = preSolution
		{F5808B33-B84F-4D44-AAE5-7EBF445BDBF0} = {BC29D8AE-EFA9-4E94-83B1-FB0A6E4C25B0}
		{C0489603-B204-4E7E-B335-F1C880F4A469} = {BC29D8AE-EFA9-4E94-83B1-FB0A6E4C25B0}
		{B94163D0-005B-46C8-8A04-3678C973C99D} = {27743AB0-1A7C-4702-84B9-AE38856AAC51}
		{11FFC1D2-9DDB-42F3-92D5-052BF8BE73B2} = {27743AB0-1A7C-4702-84B9-AE38856AAC51}
		{D953E0F1-7378-4D07-89A9-8C4CA27EA13E} = {27743AB0-1A7C-4702-84B9-AE38856AAC51}
	EndGlobalSection
	GlobalSection(ExtensibilityGlobals) = postSolution
		SolutionGuid = {215E68B7-C026-45D7-B90B-03F016EFF800}
	EndGlobalSection
EndGlobal
